// !$*UTF8*$!
{
	archiveVersion = 1;
	classes = {
	};
	objectVersion = 46;
	objects = {

/* Begin PBXBuildFile section */
		DB74458B16369BB00002CE19 /* UIKit.framework in Frameworks */ = {isa = PBXBuildFile; fileRef = DB74458A16369BB00002CE19 /* UIKit.framework */; };
		DB74458D16369BB00002CE19 /* Foundation.framework in Frameworks */ = {isa = PBXBuildFile; fileRef = DB74458C16369BB00002CE19 /* Foundation.framework */; };
		DB74458F16369BB00002CE19 /* CoreGraphics.framework in Frameworks */ = {isa = PBXBuildFile; fileRef = DB74458E16369BB00002CE19 /* CoreGraphics.framework */; };
		DB74459516369BB00002CE19 /* InfoPlist.strings in Resources */ = {isa = PBXBuildFile; fileRef = DB74459316369BB00002CE19 /* InfoPlist.strings */; };
		DB74459716369BB00002CE19 /* main.m in Sources */ = {isa = PBXBuildFile; fileRef = DB74459616369BB00002CE19 /* main.m */; };
		DB74459B16369BB00002CE19 /* WSAppDelegate.m in Sources */ = {isa = PBXBuildFile; fileRef = DB74459A16369BB00002CE19 /* WSAppDelegate.m */; };
		DB74459D16369BB00002CE19 /* Default.png in Resources */ = {isa = PBXBuildFile; fileRef = DB74459C16369BB00002CE19 /* Default.png */; };
		DB74459F16369BB00002CE19 /* Default@2x.png in Resources */ = {isa = PBXBuildFile; fileRef = DB74459E16369BB00002CE19 /* Default@2x.png */; };
		DB7445A116369BB00002CE19 /* Default-568h@2x.png in Resources */ = {isa = PBXBuildFile; fileRef = DB7445A016369BB00002CE19 /* Default-568h@2x.png */; };
		DB7445B31636A2040002CE19 /* WSMainViewController.m in Sources */ = {isa = PBXBuildFile; fileRef = DB7445B21636A2040002CE19 /* WSMainViewController.m */; };
		DBD7441A163A56C2003E793C /* WSNSCodingViewController.m in Sources */ = {isa = PBXBuildFile; fileRef = DBD74419163A56C2003E793C /* WSNSCodingViewController.m */; };
		DBD7441F163A5718003E793C /* WSNSCodingData.m in Sources */ = {isa = PBXBuildFile; fileRef = DBD7441E163A5718003E793C /* WSNSCodingData.m */; };
		DBF595AD163790B0004A9AB1 /* WSUDViewController.m in Sources */ = {isa = PBXBuildFile; fileRef = DBF595AC163790B0004A9AB1 /* WSUDViewController.m */; };
		DBF595B21637993A004A9AB1 /* WSPlistViewController.m in Sources */ = {isa = PBXBuildFile; fileRef = DBF595B11637993A004A9AB1 /* WSPlistViewController.m */; };
		DBF595BD1638EA98004A9AB1 /* WSRawFileAPIsViewController.m in Sources */ = {isa = PBXBuildFile; fileRef = DBF595BC1638EA98004A9AB1 /* WSRawFileAPIsViewController.m */; };
		DBF8DFD2163E9122005895B0 /* WSSQLiteViewController.m in Sources */ = {isa = PBXBuildFile; fileRef = DBF8DFD1163E9122005895B0 /* WSSQLiteViewController.m */; };
		DBF8DFD6163E91DF005895B0 /* libsqlite3.0.dylib in Frameworks */ = {isa = PBXBuildFile; fileRef = DBF8DFD5163E91DF005895B0 /* libsqlite3.0.dylib */; };
/* End PBXBuildFile section */

/* Begin PBXFileReference section */
		DB74458616369BB00002CE19 /* DataSaveMethods.app */ = {isa = PBXFileReference; explicitFileType = wrapper.application; includeInIndex = 0; path = DataSaveMethods.app; sourceTree = BUILT_PRODUCTS_DIR; };
		DB74458A16369BB00002CE19 /* UIKit.framework */ = {isa = PBXFileReference; lastKnownFileType = wrapper.framework; name = UIKit.framework; path = System/Library/Frameworks/UIKit.framework; sourceTree = SDKROOT; };
		DB74458C16369BB00002CE19 /* Foundation.framework */ = {isa = PBXFileReference; lastKnownFileType = wrapper.framework; name = Foundation.framework; path = System/Library/Frameworks/Foundation.framework; sourceTree = SDKROOT; };
		DB74458E16369BB00002CE19 /* CoreGraphics.framework */ = {isa = PBXFileReference; lastKnownFileType = wrapper.framework; name = CoreGraphics.framework; path = System/Library/Frameworks/CoreGraphics.framework; sourceTree = SDKROOT; };
		DB74459216369BB00002CE19 /* DataSaveMethods-Info.plist */ = {isa = PBXFileReference; lastKnownFileType = text.plist.xml; path = "DataSaveMethods-Info.plist"; sourceTree = "<group>"; };
		DB74459416369BB00002CE19 /* en */ = {isa = PBXFileReference; lastKnownFileType = text.plist.strings; name = en; path = en.lproj/InfoPlist.strings; sourceTree = "<group>"; };
		DB74459616369BB00002CE19 /* main.m */ = {isa = PBXFileReference; lastKnownFileType = sourcecode.c.objc; path = main.m; sourceTree = "<group>"; };
		DB74459816369BB00002CE19 /* DataSaveMethods-Prefix.pch */ = {isa = PBXFileReference; lastKnownFileType = sourcecode.c.h; path = "DataSaveMethods-Prefix.pch"; sourceTree = "<group>"; };
		DB74459916369BB00002CE19 /* WSAppDelegate.h */ = {isa = PBXFileReference; lastKnownFileType = sourcecode.c.h; path = WSAppDelegate.h; sourceTree = "<group>"; };
		DB74459A16369BB00002CE19 /* WSAppDelegate.m */ = {isa = PBXFileReference; lastKnownFileType = sourcecode.c.objc; path = WSAppDelegate.m; sourceTree = "<group>"; };
		DB74459C16369BB00002CE19 /* Default.png */ = {isa = PBXFileReference; lastKnownFileType = image.png; path = Default.png; sourceTree = "<group>"; };
		DB74459E16369BB00002CE19 /* Default@2x.png */ = {isa = PBXFileReference; lastKnownFileType = image.png; path = "Default@2x.png"; sourceTree = "<group>"; };
		DB7445A016369BB00002CE19 /* Default-568h@2x.png */ = {isa = PBXFileReference; lastKnownFileType = image.png; path = "Default-568h@2x.png"; sourceTree = "<group>"; };
		DB7445B11636A2040002CE19 /* WSMainViewController.h */ = {isa = PBXFileReference; fileEncoding = 4; lastKnownFileType = sourcecode.c.h; name = WSMainViewController.h; path = Main/WSMainViewController.h; sourceTree = "<group>"; };
		DB7445B21636A2040002CE19 /* WSMainViewController.m */ = {isa = PBXFileReference; fileEncoding = 4; lastKnownFileType = sourcecode.c.objc; name = WSMainViewController.m; path = Main/WSMainViewController.m; sourceTree = "<group>"; };
		DBD74418163A56C2003E793C /* WSNSCodingViewController.h */ = {isa = PBXFileReference; fileEncoding = 4; lastKnownFileType = sourcecode.c.h; path = WSNSCodingViewController.h; sourceTree = "<group>"; };
		DBD74419163A56C2003E793C /* WSNSCodingViewController.m */ = {isa = PBXFileReference; fileEncoding = 4; lastKnownFileType = sourcecode.c.objc; path = WSNSCodingViewController.m; sourceTree = "<group>"; };
		DBD7441D163A5718003E793C /* WSNSCodingData.h */ = {isa = PBXFileReference; fileEncoding = 4; lastKnownFileType = sourcecode.c.h; path = WSNSCodingData.h; sourceTree = "<group>"; };
		DBD7441E163A5718003E793C /* WSNSCodingData.m */ = {isa = PBXFileReference; fileEncoding = 4; lastKnownFileType = sourcecode.c.objc; path = WSNSCodingData.m; sourceTree = "<group>"; };
		DBF595AB163790B0004A9AB1 /* WSUDViewController.h */ = {isa = PBXFileReference; fileEncoding = 4; lastKnownFileType = sourcecode.c.h; path = WSUDViewController.h; sourceTree = "<group>"; };
		DBF595AC163790B0004A9AB1 /* WSUDViewController.m */ = {isa = PBXFileReference; fileEncoding = 4; lastKnownFileType = sourcecode.c.objc; path = WSUDViewController.m; sourceTree = "<group>"; };
		DBF595B01637993A004A9AB1 /* WSPlistViewController.h */ = {isa = PBXFileReference; fileEncoding = 4; lastKnownFileType = sourcecode.c.h; path = WSPlistViewController.h; sourceTree = "<group>"; };
		DBF595B11637993A004A9AB1 /* WSPlistViewController.m */ = {isa = PBXFileReference; fileEncoding = 4; lastKnownFileType = sourcecode.c.objc; path = WSPlistViewController.m; sourceTree = "<group>"; };
		DBF595BB1638EA98004A9AB1 /* WSRawFileAPIsViewController.h */ = {isa = PBXFileReference; fileEncoding = 4; lastKnownFileType = sourcecode.c.h; path = WSRawFileAPIsViewController.h; sourceTree = "<group>"; };
		DBF595BC1638EA98004A9AB1 /* WSRawFileAPIsViewController.m */ = {isa = PBXFileReference; fileEncoding = 4; lastKnownFileType = sourcecode.c.objc; path = WSRawFileAPIsViewController.m; sourceTree = "<group>"; };
		DBF8DFD0163E9122005895B0 /* WSSQLiteViewController.h */ = {isa = PBXFileReference; fileEncoding = 4; lastKnownFileType = sourcecode.c.h; path = WSSQLiteViewController.h; sourceTree = "<group>"; };
		DBF8DFD1163E9122005895B0 /* WSSQLiteViewController.m */ = {isa = PBXFileReference; fileEncoding = 4; lastKnownFileType = sourcecode.c.objc; path = WSSQLiteViewController.m; sourceTree = "<group>"; };
		DBF8DFD5163E91DF005895B0 /* libsqlite3.0.dylib */ = {isa = PBXFileReference; lastKnownFileType = "compiled.mach-o.dylib"; name = libsqlite3.0.dylib; path = usr/lib/libsqlite3.0.dylib; sourceTree = SDKROOT; };
/* End PBXFileReference section */

/* Begin PBXFrameworksBuildPhase section */
		DB74458316369BB00002CE19 /* Frameworks */ = {
			isa = PBXFrameworksBuildPhase;
			buildActionMask = 2147483647;
			files = (
				DBF8DFD6163E91DF005895B0 /* libsqlite3.0.dylib in Frameworks */,
				DB74458B16369BB00002CE19 /* UIKit.framework in Frameworks */,
				DB74458D16369BB00002CE19 /* Foundation.framework in Frameworks */,
				DB74458F16369BB00002CE19 /* CoreGraphics.framework in Frameworks */,
			);
			runOnlyForDeploymentPostprocessing = 0;
		};
/* End PBXFrameworksBuildPhase section */

/* Begin PBXGroup section */
		DB74457B16369BB00002CE19 = {
			isa = PBXGroup;
			children = (
				DB74459016369BB00002CE19 /* DataSaveMethods */,
				DB74458916369BB00002CE19 /* Frameworks */,
				DB74458716369BB00002CE19 /* Products */,
			);
			sourceTree = "<group>";
		};
		DB74458716369BB00002CE19 /* Products */ = {
			isa = PBXGroup;
			children = (
				DB74458616369BB00002CE19 /* DataSaveMethods.app */,
			);
			name = Products;
			sourceTree = "<group>";
		};
		DB74458916369BB00002CE19 /* Frameworks */ = {
			isa = PBXGroup;
			children = (
				DBF8DFD5163E91DF005895B0 /* libsqlite3.0.dylib */,
				DB74458A16369BB00002CE19 /* UIKit.framework */,
				DB74458C16369BB00002CE19 /* Foundation.framework */,
				DB74458E16369BB00002CE19 /* CoreGraphics.framework */,
			);
			name = Frameworks;
			sourceTree = "<group>";
		};
		DB74459016369BB00002CE19 /* DataSaveMethods */ = {
			isa = PBXGroup;
			children = (
				DB74459916369BB00002CE19 /* WSAppDelegate.h */,
				DB74459A16369BB00002CE19 /* WSAppDelegate.m */,
				DB7445AA1636A0400002CE19 /* Main */,
				DB74459116369BB00002CE19 /* Supporting Files */,
			);
			path = DataSaveMethods;
			sourceTree = "<group>";
		};
		DB74459116369BB00002CE19 /* Supporting Files */ = {
			isa = PBXGroup;
			children = (
				DB74459216369BB00002CE19 /* DataSaveMethods-Info.plist */,
				DB74459316369BB00002CE19 /* InfoPlist.strings */,
				DB74459616369BB00002CE19 /* main.m */,
				DB74459816369BB00002CE19 /* DataSaveMethods-Prefix.pch */,
				DB74459C16369BB00002CE19 /* Default.png */,
				DB74459E16369BB00002CE19 /* Default@2x.png */,
				DB7445A016369BB00002CE19 /* Default-568h@2x.png */,
			);
			name = "Supporting Files";
			sourceTree = "<group>";
		};
		DB7445AA1636A0400002CE19 /* Main */ = {
			isa = PBXGroup;
			children = (
				DB7445B11636A2040002CE19 /* WSMainViewController.h */,
				DB7445B21636A2040002CE19 /* WSMainViewController.m */,
				DBF595AF16379923004A9AB1 /* Plist */,
				DBF595AE163790B8004A9AB1 /* NSUserDefaults */,
				DBF595BF1638EA9B004A9AB1 /* RawFileAPIs */,
				DBD7441C163A56C7003E793C /* NSCoding */,
				DBF8DFD4163E9126005895B0 /* WSSQLite */,
			);
			name = Main;
			sourceTree = "<group>";
		};
		DBD7441C163A56C7003E793C /* NSCoding */ = {
			isa = PBXGroup;
			children = (
				DBD74418163A56C2003E793C /* WSNSCodingViewController.h */,
				DBD74419163A56C2003E793C /* WSNSCodingViewController.m */,
				DBD7441D163A5718003E793C /* WSNSCodingData.h */,
				DBD7441E163A5718003E793C /* WSNSCodingData.m */,
			);
			name = NSCoding;
			sourceTree = "<group>";
		};
		DBF595AE163790B8004A9AB1 /* NSUserDefaults */ = {
			isa = PBXGroup;
			children = (
				DBF595AB163790B0004A9AB1 /* WSUDViewController.h */,
				DBF595AC163790B0004A9AB1 /* WSUDViewController.m */,
			);
			name = NSUserDefaults;
			sourceTree = "<group>";
		};
		DBF595AF16379923004A9AB1 /* Plist */ = {
			isa = PBXGroup;
			children = (
				DBF595B01637993A004A9AB1 /* WSPlistViewController.h */,
				DBF595B11637993A004A9AB1 /* WSPlistViewController.m */,
			);
			name = Plist;
			sourceTree = "<group>";
		};
		DBF595BF1638EA9B004A9AB1 /* RawFileAPIs */ = {
			isa = PBXGroup;
			children = (
				DBF595BB1638EA98004A9AB1 /* WSRawFileAPIsViewController.h */,
				DBF595BC1638EA98004A9AB1 /* WSRawFileAPIsViewController.m */,
			);
			name = RawFileAPIs;
			sourceTree = "<group>";
		};
		DBF8DFD4163E9126005895B0 /* WSSQLite */ = {
			isa = PBXGroup;
			children = (
				DBF8DFD0163E9122005895B0 /* WSSQLiteViewController.h */,
				DBF8DFD1163E9122005895B0 /* WSSQLiteViewController.m */,
			);
			name = WSSQLite;
			sourceTree = "<group>";
		};
/* End PBXGroup section */

/* Begin PBXNativeTarget section */
		DB74458516369BB00002CE19 /* DataSaveMethods */ = {
			isa = PBXNativeTarget;
			buildConfigurationList = DB7445A416369BB00002CE19 /* Build configuration list for PBXNativeTarget "DataSaveMethods" */;
			buildPhases = (
				DB74458216369BB00002CE19 /* Sources */,
				DB74458316369BB00002CE19 /* Frameworks */,
				DB74458416369BB00002CE19 /* Resources */,
			);
			buildRules = (
			);
			dependencies = (
			);
			name = DataSaveMethods;
			productName = DataSaveMethods;
			productReference = DB74458616369BB00002CE19 /* DataSaveMethods.app */;
			productType = "com.apple.product-type.application";
		};
/* End PBXNativeTarget section */

/* Begin PBXProject section */
		DB74457D16369BB00002CE19 /* Project object */ = {
			isa = PBXProject;
			attributes = {
				CLASSPREFIX = WS;
				LastUpgradeCheck = 0450;
				ORGANIZATIONNAME = WhisperStudio;
			};
			buildConfigurationList = DB74458016369BB00002CE19 /* Build configuration list for PBXProject "DataSaveMethods" */;
			compatibilityVersion = "Xcode 3.2";
			developmentRegion = English;
			hasScannedForEncodings = 0;
			knownRegions = (
				en,
			);
			mainGroup = DB74457B16369BB00002CE19;
			productRefGroup = DB74458716369BB00002CE19 /* Products */;
			projectDirPath = "";
			projectRoot = "";
			targets = (
				DB74458516369BB00002CE19 /* DataSaveMethods */,
			);
		};
/* End PBXProject section */

/* Begin PBXResourcesBuildPhase section */
		DB74458416369BB00002CE19 /* Resources */ = {
			isa = PBXResourcesBuildPhase;
			buildActionMask = 2147483647;
			files = (
				DB74459516369BB00002CE19 /* InfoPlist.strings in Resources */,
				DB74459D16369BB00002CE19 /* Default.png in Resources */,
				DB74459F16369BB00002CE19 /* Default@2x.png in Resources */,
				DB7445A116369BB00002CE19 /* Default-568h@2x.png in Resources */,
			);
			runOnlyForDeploymentPostprocessing = 0;
		};
/* End PBXResourcesBuildPhase section */

/* Begin PBXSourcesBuildPhase section */
		DB74458216369BB00002CE19 /* Sources */ = {
			isa = PBXSourcesBuildPhase;
			buildActionMask = 2147483647;
			files = (
				DB74459716369BB00002CE19 /* main.m in Sources */,
				DB74459B16369BB00002CE19 /* WSAppDelegate.m in Sources */,
				DB7445B31636A2040002CE19 /* WSMainViewController.m in Sources */,
				DBF595AD163790B0004A9AB1 /* WSUDViewController.m in Sources */,
				DBF595B21637993A004A9AB1 /* WSPlistViewController.m in Sources */,
				DBF595BD1638EA98004A9AB1 /* WSRawFileAPIsViewController.m in Sources */,
				DBD7441A163A56C2003E793C /* WSNSCodingViewController.m in Sources */,
				DBD7441F163A5718003E793C /* WSNSCodingData.m in Sources */,
				DBF8DFD2163E9122005895B0 /* WSSQLiteViewController.m in Sources */,
			);
			runOnlyForDeploymentPostprocessing = 0;
		};
/* End PBXSourcesBuildPhase section */

/* Begin PBXVariantGroup section */
		DB74459316369BB00002CE19 /* InfoPlist.strings */ = {
			isa = PBXVariantGroup;
			children = (
				DB74459416369BB00002CE19 /* en */,
			);
			name = InfoPlist.strings;
			sourceTree = "<group>";
		};
/* End PBXVariantGroup section */

/* Begin XCBuildConfiguration section */
		DB7445A216369BB00002CE19 /* Debug */ = {
			isa = XCBuildConfiguration;
			buildSettings = {
				ALWAYS_SEARCH_USER_PATHS = NO;
				CLANG_CXX_LANGUAGE_STANDARD = "gnu++0x";
				CLANG_CXX_LIBRARY = "libc++";
				CLANG_WARN_EMPTY_BODY = YES;
				CLANG_WARN__DUPLICATE_METHOD_MATCH = YES;
				"CODE_SIGN_IDENTITY[sdk=iphoneos*]" = "iPhone Developer";
				COPY_PHASE_STRIP = NO;
				GCC_C_LANGUAGE_STANDARD = gnu99;
				GCC_DYNAMIC_NO_PIC = NO;
				GCC_OPTIMIZATION_LEVEL = 0;
				GCC_PREPROCESSOR_DEFINITIONS = (
					"DEBUG=1",
					"$(inherited)",
				);
				GCC_SYMBOLS_PRIVATE_EXTERN = NO;
				GCC_WARN_ABOUT_RETURN_TYPE = YES;
				GCC_WARN_UNINITIALIZED_AUTOS = YES;
				GCC_WARN_UNUSED_VARIABLE = YES;
				IPHONEOS_DEPLOYMENT_TARGET = 6.0;
				ONLY_ACTIVE_ARCH = YES;
				SDKROOT = iphoneos;
				TARGETED_DEVICE_FAMILY = "1,2";
			};
			name = Debug;
		};
		DB7445A316369BB00002CE19 /* Release */ = {
			isa = XCBuildConfiguration;
			buildSettings = {
				ALWAYS_SEARCH_USER_PATHS = NO;
				CLANG_CXX_LANGUAGE_STANDARD = "gnu++0x";
				CLANG_CXX_LIBRARY = "libc++";
				CLANG_WARN_EMPTY_BODY = YES;
				CLANG_WARN__DUPLICATE_METHOD_MATCH = YES;
				"CODE_SIGN_IDENTITY[sdk=iphoneos*]" = "iPhone Developer";
				COPY_PHASE_STRIP = YES;
				GCC_C_LANGUAGE_STANDARD = gnu99;
				GCC_WARN_ABOUT_RETURN_TYPE = YES;
				GCC_WARN_UNINITIALIZED_AUTOS = YES;
				GCC_WARN_UNUSED_VARIABLE = YES;
				IPHONEOS_DEPLOYMENT_TARGET = 6.0;
				OTHER_CFLAGS = "-DNS_BLOCK_ASSERTIONS=1";
				SDKROOT = iphoneos;
				TARGETED_DEVICE_FAMILY = "1,2";
				VALIDATE_PRODUCT = YES;
			};
			name = Release;
		};
		DB7445A516369BB00002CE19 /* Debug */ = {
			isa = XCBuildConfiguration;
			buildSettings = {
				GCC_PRECOMPILE_PREFIX_HEADER = YES;
				GCC_PREFIX_HEADER = "DataSaveMethods/DataSaveMethods-Prefix.pch";
				INFOPLIST_FILE = "DataSaveMethods/DataSaveMethods-Info.plist";
				PRODUCT_NAME = "$(TARGET_NAME)";
				WRAPPER_EXTENSION = app;
			};
			name = Debug;
		};
		DB7445A616369BB00002CE19 /* Release */ = {
			isa = XCBuildConfiguration;
			buildSettings = {
				GCC_PRECOMPILE_PREFIX_HEADER = YES;
				GCC_PREFIX_HEADER = "DataSaveMethods/DataSaveMethods-Prefix.pch";
				INFOPLIST_FILE = "DataSaveMethods/DataSaveMethods-Info.plist";
				PRODUCT_NAME = "$(TARGET_NAME)";
				WRAPPER_EXTENSION = app;
			};
			name = Release;
		};
/* End XCBuildConfiguration section */

/* Begin XCConfigurationList section */
		DB74458016369BB00002CE19 /* Build configuration list for PBXProject "DataSaveMethods" */ = {
			isa = XCConfigurationList;
			buildConfigurations = (
				DB7445A216369BB00002CE19 /* Debug */,
				DB7445A316369BB00002CE19 /* Release */,
			);
			defaultConfigurationIsVisible = 0;
			defaultConfigurationName = Release;
		};
		DB7445A416369BB00002CE19 /* Build configuration list for PBXNativeTarget "DataSaveMethods" */ = {
			isa = XCConfigurationList;
			buildConfigurations = (
				DB7445A516369BB00002CE19 /* Debug */,
				DB7445A616369BB00002CE19 /* Release */,
			);
			defaultConfigurationIsVisible = 0;
			defaultConfigurationName = Release;
		};
/* End XCConfigurationList section */
	};
	rootObject = DB74457D16369BB00002CE19 /* Project object */;
}
